// !$*UTF8*$!
{
	archiveVersion = 1;
	classes = {
	};
	objectVersion = 77;
	objects = {

/* Begin PBXContainerItemProxy section */
		C9552DBC2F94651F002A7232 /* PBXContainerItemProxy */ = {
			isa = PBXContainerItemProxy;
			containerPortal = C9552DA62F94651E002A7232 /* Project object */;
			proxyType = 1;
			remoteGlobalIDString = C9552DAD2F94651E002A7232;
			remoteInfo = BocciaRampAssistant;
		};
		C9552DC62F94651F002A7232 /* PBXContainerItemProxy */ = {
			isa = PBXContainerItemProxy;
			containerPortal = C9552DA62F94651E002A7232 /* Project object */;
			proxyType = 1;
			remoteGlobalIDString = C9552DAD2F94651E002A7232;
			remoteInfo = BocciaRampAssistant;
		};
/* End PBXContainerItemProxy section */

/* Begin PBXFileReference section */
		C9552DAE2F94651E002A7232 /* BocciaRampAssistant.app */ = {isa = PBXFileReference; explicitFileType = wrapper.application; includeInIndex = 0; path = BocciaRampAssistant.app; sourceTree = BUILT_PRODUCTS_DIR; };
		C9552DBB2F94651F002A7232 /* BocciaRampAssistantTests.xctest */ = {isa = PBXFileReference; explicitFileType = wrapper.cfbundle; includeInIndex = 0; path = BocciaRampAssistantTests.xctest; sourceTree = BUILT_PRODUCTS_DIR; };
		C9552DC52F94651F002A7232 /* BocciaRampAssistantUITests.xctest */ = {isa = PBXFileReference; explicitFileType = wrapper.cfbundle; includeInIndex = 0; path = BocciaRampAssistantUITests.xctest; sourceTree = BUILT_PRODUCTS_DIR; };
/* End PBXFileReference section */

/* Begin PBXFileSystemSynchronizedRootGroup section */
		C9552DB02F94651E002A7232 /* BocciaRampAssistant */ = {
			isa = PBXFileSystemSynchronizedRootGroup;
			path = BocciaRampAssistant;
			sourceTree = "<group>";
		};
		C9552DBE2F94651F002A7232 /* BocciaRampAssistantTests */ = {
			isa = PBXFileSystemSynchronizedRootGroup;
			path = BocciaRampAssistantTests;
			sourceTree = "<group>";
		};
		C9552DC82F94651F002A7232 /* BocciaRampAssistantUITests */ = {
			isa = PBXFileSystemSynchronizedRootGroup;
			path = BocciaRampAssistantUITests;
			sourceTree = "<group>";
		};
/* End PBXFileSystemSynchronizedRootGroup section */

/* Begin PBXFrameworksBuildPhase section */
		C9552DAB2F94651E002A7232 /* Frameworks */ = {
			isa = PBXFrameworksBuildPhase;
			buildActionMask = 2147483647;
			files = (
			);
			runOnlyForDeploymentPostprocessing = 0;
		};
		C9552DB82F94651F002A7232 /* Frameworks */ = {
			isa = PBXFrameworksBuildPhase;
			buildActionMask = 2147483647;
			files = (
			);
			runOnlyForDeploymentPostprocessing = 0;
		};
		C9552DC22F94651F002A7232 /* Frameworks */ = {
			isa = PBXFrameworksBuildPhase;
			buildActionMask = 2147483647;
			files = (
			);
			runOnlyForDeploymentPostprocessing = 0;
		};
/* End PBXFrameworksBuildPhase section */

/* Begin PBXGroup section */
		C9552DA52F94651E002A7232 = {
			isa = PBXGroup;
			children = (
				C9552DB02F94651E002A7232 /* BocciaRampAssistant */,
				C9552DBE2F94651F002A7232 /* BocciaRampAssistantTests */,
				C9552DC82F94651F002A7232 /* BocciaRampAssistantUITests */,
				C9552DAF2F94651E002A7232 /* Products */,
			);
			sourceTree = "<group>";
		};
		C9552DAF2F94651E002A7232 /* Products */ = {
			isa = PBXGroup;
			children = (
				C9552DAE2F94651E002A7232 /* BocciaRampAssistant.app */,
				C9552DBB2F94651F002A7232 /* BocciaRampAssistantTests.xctest */,
				C9552DC52F94651F002A7232 /* BocciaRampAssistantUITests.xctest */,
			);
			name = Products;
			sourceTree = "<group>";
		};
/* End PBXGroup section */

/* Begin PBXNativeTarget section */
		C9552DAD2F94651E002A7232 /* BocciaRampAssistant */ = {
			isa = PBXNativeTarget;
			buildConfigurationList = C9552DCF2F94651F002A7232 /* Build configuration list for PBXNativeTarget "BocciaRampAssistant" */;
			buildPhases = (
				C9552DAA2F94651E002A7232 /* Sources */,
				C9552DAB2F94651E002A7232 /* Frameworks */,
				C9552DAC2F94651E002A7232 /* Resources */,
			);
			buildRules = (
			);
			dependencies = (
			);
			fileSystemSynchronizedGroups = (
				C9552DB02F94651E002A7232 /* BocciaRampAssistant */,
			);
			name = BocciaRampAssistant;
			packageProductDependencies = (
			);
			productName = BocciaRampAssistant;
			productReference = C9552DAE2F94651E002A7232 /* BocciaRampAssistant.app */;
			productType = "com.apple.product-type.application";
		};
		C9552DBA2F94651F002A7232 /* BocciaRampAssistantTests */ = {
			isa = PBXNativeTarget;
			buildConfigurationList = C9552DD22F94651F002A7232 /* Build configuration list for PBXNativeTarget "BocciaRampAssistantTests" */;
			buildPhases = (
				C9552DB72F94651F002A7232 /* Sources */,
				C9552DB82F94651F002A7232 /* Frameworks */,
				C9552DB92F94651F002A7232 /* Resources */,
			);
			buildRules = (
			);
			dependencies = (
				C9552DBD2F94651F002A7232 /* PBXTargetDependency */,
			);
			fileSystemSynchronizedGroups = (
				C9552DBE2F94651F002A7232 /* BocciaRampAssistantTests */,
			);
			name = BocciaRampAssistantTests;
			packageProductDependencies = (
			);
			productName = BocciaRampAssistantTests;
			productReference = C9552DBB2F94651F002A7232 /* BocciaRampAssistantTests.xctest */;
			productType = "com.apple.product-type.bundle.unit-test";
		};
		C9552DC42F94651F002A7232 /* BocciaRampAssistantUITests */ = {
			isa = PBXNativeTarget;
			buildConfigurationList = C9552DD52F94651F002A7232 /* Build configuration list for PBXNativeTarget "BocciaRampAssistantUITests" */;
			buildPhases = (
				C9552DC12F94651F002A7232 /* Sources */,
				C9552DC22F94651F002A7232 /* Frameworks */,
				C9552DC32F94651F002A7232 /* Resources */,
			);
			buildRules = (
			);
			dependencies = (
				C9552DC72F94651F002A7232 /* PBXTargetDependency */,
			);
			fileSystemSynchronizedGroups = (
				C9552DC82F94651F002A7232 /* BocciaRampAssistantUITests */,
			);
			name = BocciaRampAssistantUITests;
			packageProductDependencies = (
			);
			productName = BocciaRampAssistantUITests;
			productReference = C9552DC52F94651F002A7232 /* BocciaRampAssistantUITests.xctest */;
			productType = "com.apple.product-type.bundle.ui-testing";
		};
/* End PBXNativeTarget section */

/* Begin PBXProject section */
		C9552DA62F94651E002A7232 /* Project object */ = {
			isa = PBXProject;
			attributes = {
				BuildIndependentTargetsInParallel = 1;
				LastSwiftUpdateCheck = 1640;
				LastUpgradeCheck = 1640;
				TargetAttributes = {
					C9552DAD2F94651E002A7232 = {
						CreatedOnToolsVersion = 16.4;
					};
					C9552DBA2F94651F002A7232 = {
						CreatedOnToolsVersion = 16.4;
						TestTargetID = C9552DAD2F94651E002A7232;
					};
					C9552DC42F94651F002A7232 = {
						CreatedOnToolsVersion = 16.4;
						TestTargetID = C9552DAD2F94651E002A7232;
					};
				};
			};
			buildConfigurationList = C9552DA92F94651E002A7232 /* Build configuration list for PBXProject "BocciaRampAssistant" */;
			developmentRegion = en;
			hasScannedForEncodings = 0;
			knownRegions = (
				en,
				Base,
			);
			mainGroup = C9552DA52F94651E002A7232;
			minimizedProjectReferenceProxies = 1;
			preferredProjectObjectVersion = 77;
			productRefGroup = C9552DAF2F94651E002A7232 /* Products */;
			projectDirPath = "";
			projectRoot = "";
			targets = (
				C9552DAD2F94651E002A7232 /* BocciaRampAssistant */,
				C9552DBA2F94651F002A7232 /* BocciaRampAssistantTests */,
				C9552DC42F94651F002A7232 /* BocciaRampAssistantUITests */,
			);
		};
/* End PBXProject section */

/* Begin PBXResourcesBuildPhase section */
		C9552DAC2F94651E002A7232 /* Resources */ = {
			isa = PBXResourcesBuildPhase;
			buildActionMask = 2147483647;
			files = (
			);
			runOnlyForDeploymentPostprocessing = 0;
		};
		C9552DB92F94651F002A7232 /* Resources */ = {
			isa = PBXResourcesBuildPhase;
			buildActionMask = 2147483647;
			files = (
			);
			runOnlyForDeploymentPostprocessing = 0;
		};
		C9552DC32F94651F002A7232 /* Resources */ = {
			isa = PBXResourcesBuildPhase;
			buildActionMask = 2147483647;
			files = (
			);
			runOnlyForDeploymentPostprocessing = 0;
		};
/* End PBXResourcesBuildPhase section */

/* Begin PBXSourcesBuildPhase section */
		C9552DAA2F94651E002A7232 /* Sources */ = {
			isa = PBXSourcesBuildPhase;
			buildActionMask = 2147483647;
			files = (
			);
			runOnlyForDeploymentPostprocessing = 0;
		};
		C9552DB72F94651F002A7232 /* Sources */ = {
			isa = PBXSourcesBuildPhase;
			buildActionMask = 2147483647;
			files = (
			);
			runOnlyForDeploymentPostprocessing = 0;
		};
		C9552DC12F94651F002A7232 /* Sources */ = {
			isa = PBXSourcesBuildPhase;
			buildActionMask = 2147483647;
			files = (
			);
			runOnlyForDeploymentPostprocessing = 0;
		};
/* End PBXSourcesBuildPhase section */

/* Begin PBXTargetDependency section */
		C9552DBD2F94651F002A7232 /* PBXTargetDependency */ = {
			isa = PBXTargetDependency;
			target = C9552DAD2F94651E002A7232 /* BocciaRampAssistant */;
			targetProxy = C9552DBC2F94651F002A7232 /* PBXContainerItemProxy */;
		};
		C9552DC72F94651F002A7232 /* PBXTargetDependency */ = {
			isa = PBXTargetDependency;
			target = C9552DAD2F94651E002A7232 /* BocciaRampAssistant */;
			targetProxy = C9552DC62F94651F002A7232 /* PBXContainerItemProxy */;
		};
/* End PBXTargetDependency section */

/* Begin XCBuildConfiguration section */
		C9552DCD2F94651F002A7232 /* Debug */ = {
			isa = XCBuildConfiguration;
			buildSettings = {
				ALWAYS_SEARCH_USER_PATHS = NO;
				ASSETCATALOG_COMPILER_GENERATE_SWIFT_ASSET_SYMBOL_EXTENSIONS = YES;
				CLANG_ANALYZER_NONNULL = YES;
				CLANG_ANALYZER_NUMBER_OBJECT_CONVERSION = YES_AGGRESSIVE;
				CLANG_CXX_LANGUAGE_STANDARD = "gnu++20";
				CLANG_ENABLE_MODULES = YES;
				CLANG_ENABLE_OBJC_ARC = YES;
				CLANG_ENABLE_OBJC_WEAK = YES;
				CLANG_WARN_BLOCK_CAPTURE_AUTORELEASING = YES;
				CLANG_WARN_BOOL_CONVERSION = YES;
				CLANG_WARN_COMMA = YES;
				CLANG_WARN_CONSTANT_CONVERSION = YES;
				CLANG_WARN_DEPRECATED_OBJC_IMPLEMENTATIONS = YES;
				CLANG_WARN_DIRECT_OBJC_ISA_USAGE = YES_ERROR;
				CLANG_WARN_DOCUMENTATION_COMMENTS = YES;
				CLANG_WARN_EMPTY_BODY = YES;
				CLANG_WARN_ENUM_CONVERSION = YES;
				CLANG_WARN_INFINITE_RECURSION = YES;
				CLANG_WARN_INT_CONVERSION = YES;
				CLANG_WARN_NON_LITERAL_NULL_CONVERSION = YES;
				CLANG_WARN_OBJC_IMPLICIT_RETAIN_SELF = YES;
				CLANG_WARN_OBJC_LITERAL_CONVERSION = YES;
				CLANG_WARN_OBJC_ROOT_CLASS = YES_ERROR;
				CLANG_WARN_QUOTED_INCLUDE_IN_FRAMEWORK_HEADER = YES;
				CLANG_WARN_RANGE_LOOP_ANALYSIS = YES;
				CLANG_WARN_STRICT_PROTOTYPES = YES;
				CLANG_WARN_SUSPICIOUS_MOVE = YES;
				CLANG_WARN_UNGUARDED_AVAILABILITY = YES_AGGRESSIVE;
				CLANG_WARN_UNREACHABLE_CODE = YES;
				CLANG_WARN__DUPLICATE_METHOD_MATCH = YES;
				COPY_PHASE_STRIP = NO;
				DEBUG_INFORMATION_FORMAT = dwarf;
				DEVELOPMENT_TEAM = PU5376FB66;
				ENABLE_STRICT_OBJC_MSGSEND = YES;
				ENABLE_TESTABILITY = YES;
				ENABLE_USER_SCRIPT_SANDBOXING = YES;
				GCC_C_LANGUAGE_STANDARD = gnu17;
				GCC_DYNAMIC_NO_PIC = NO;
				GCC_NO_COMMON_BLOCKS = YES;
				GCC_OPTIMIZATION_LEVEL = 0;
				GCC_PREPROCESSOR_DEFINITIONS = (
					"DEBUG=1",
					"$(inherited)",
				);
				GCC_WARN_64_TO_32_BIT_CONVERSION = YES;
				GCC_WARN_ABOUT_RETURN_TYPE = YES_ERROR;
				GCC_WARN_UNDECLARED_SELECTOR = YES;
				GCC_WARN_UNINITIALIZED_AUTOS = YES_AGGRESSIVE;
				GCC_WARN_UNUSED_FUNCTION = YES;
				GCC_WARN_UNUSED_VARIABLE = YES;
				IPHONEOS_DEPLOYMENT_TARGET = 18.5;
				LOCALIZATION_PREFERS_STRING_CATALOGS = YES;
				MTL_ENABLE_DEBUG_INFO = INCLUDE_SOURCE;
				MTL_FAST_MATH = YES;
				ONLY_ACTIVE_ARCH = YES;
				SDKROOT = iphoneos;
				SWIFT_ACTIVE_COMPILATION_CONDITIONS = "DEBUG $(inherited)";
				SWIFT_OPTIMIZATION_LEVEL = "-Onone";
			};
			name = Debug;
		};
		C9552DCE2F94651F002A7232 /* Release */ = {
			isa = XCBuildConfiguration;
			buildSettings = {
				ALWAYS_SEARCH_USER_PATHS = NO;
				ASSETCATALOG_COMPILER_GENERATE_SWIFT_ASSET_SYMBOL_EXTENSIONS = YES;
				CLANG_ANALYZER_NONNULL = YES;
				CLANG_ANALYZER_NUMBER_OBJECT_CONVERSION = YES_AGGRESSIVE;
				CLANG_CXX_LANGUAGE_STANDARD = "gnu++20";
				CLANG_ENABLE_MODULES = YES;
				CLANG_ENABLE_OBJC_ARC = YES;
				CLANG_ENABLE_OBJC_WEAK = YES;
				CLANG_WARN_BLOCK_CAPTURE_AUTORELEASING = YES;
				CLANG_WARN_BOOL_CONVERSION = YES;
				CLANG_WARN_COMMA = YES;
				CLANG_WARN_CONSTANT_CONVERSION = YES;
				CLANG_WARN_DEPRECATED_OBJC_IMPLEMENTATIONS = YES;
				CLANG_WARN_DIRECT_OBJC_ISA_USAGE = YES_ERROR;
				CLANG_WARN_DOCUMENTATION_COMMENTS = YES;
				CLANG_WARN_EMPTY_BODY = YES;
				CLANG_WARN_ENUM_CONVERSION = YES;
				CLANG_WARN_INFINITE_RECURSION = YES;
				CLANG_WARN_INT_CONVERSION = YES;
				CLANG_WARN_NON_LITERAL_NULL_CONVERSION = YES;
				CLANG_WARN_OBJC_IMPLICIT_RETAIN_SELF = YES;
				CLANG_WARN_OBJC_LITERAL_CONVERSION = YES;
				CLANG_WARN_OBJC_ROOT_CLASS = YES_ERROR;
				CLANG_WARN_QUOTED_INCLUDE_IN_FRAMEWORK_HEADER = YES;
				CLANG_WARN_RANGE_LOOP_ANALYSIS = YES;
				CLANG_WARN_STRICT_PROTOTYPES = YES;
				CLANG_WARN_SUSPICIOUS_MOVE = YES;
				CLANG_WARN_UNGUARDED_AVAILABILITY = YES_AGGRESSIVE;
				CLANG_WARN_UNREACHABLE_CODE = YES;
				CLANG_WARN__DUPLICATE_METHOD_MATCH = YES;
				COPY_PHASE_STRIP = NO;
				DEBUG_INFORMATION_FORMAT = "dwarf-with-dsym";
				DEVELOPMENT_TEAM = PU5376FB66;
				ENABLE_NS_ASSERTIONS = NO;
				ENABLE_STRICT_OBJC_MSGSEND = YES;
				ENABLE_USER_SCRIPT_SANDBOXING = YES;
				GCC_C_LANGUAGE_STANDARD = gnu17;
				GCC_NO_COMMON_BLOCKS = YES;
				GCC_WARN_64_TO_32_BIT_CONVERSION = YES;
				GCC_WARN_ABOUT_RETURN_TYPE = YES_ERROR;
				GCC_WARN_UNDECLARED_SELECTOR = YES;
				GCC_WARN_UNINITIALIZED_AUTOS = YES_AGGRESSIVE;
				GCC_WARN_UNUSED_FUNCTION = YES;
				GCC_WARN_UNUSED_VARIABLE = YES;
				IPHONEOS_DEPLOYMENT_TARGET = 18.5;
				LOCALIZATION_PREFERS_STRING_CATALOGS = YES;
				MTL_ENABLE_DEBUG_INFO = NO;
				MTL_FAST_MATH = YES;
				SDKROOT = iphoneos;
				SWIFT_COMPILATION_MODE = wholemodule;
				VALIDATE_PRODUCT = YES;
			};
			name = Release;
		};
		C9552DD02F94651F002A7232 /* Debug */ = {
			isa = XCBuildConfiguration;
			buildSettings = {
				ASSETCATALOG_COMPILER_APPICON_NAME = AppIcon;
				ASSETCATALOG_COMPILER_GLOBAL_ACCENT_COLOR_NAME = AccentColor;
				CODE_SIGN_STYLE = Automatic;
				CURRENT_PROJECT_VERSION = 1;
				DEVELOPMENT_TEAM = PU5376FB66;
				ENABLE_PREVIEWS = YES;
				GENERATE_INFOPLIST_FILE = YES;
				INFOPLIST_KEY_UIApplicationSceneManifest_Generation = YES;
				INFOPLIST_KEY_UIApplicationSupportsIndirectInputEvents = YES;
				INFOPLIST_KEY_UILaunchScreen_Generation = YES;
				INFOPLIST_KEY_UISupportedInterfaceOrientations_iPad = "UIInterfaceOrientationPortrait UIInterfaceOrientationPortraitUpsideDown UIInterfaceOrientationLandscapeLeft UIInterfaceOrientationLandscapeRight";
				INFOPLIST_KEY_UISupportedInterfaceOrientations_iPhone = "UIInterfaceOrientationPortrait UIInterfaceOrientationLandscapeLeft UIInterfaceOrientationLandscapeRight";
				LD_RUNPATH_SEARCH_PATHS = (
					"$(inherited)",
					"@executable_path/Frameworks",
				);
				MARKETING_VERSION = 1.0;
				PRODUCT_BUNDLE_IDENTIFIER = "yukihide-takahashi.BocciaRampAssistant";
				PRODUCT_NAME = "$(TARGET_NAME)";
				SWIFT_EMIT_LOC_STRINGS = YES;
				SWIFT_VERSION = 5.0;
				TARGETED_DEVICE_FAMILY = "1,2";
			};
			name = Debug;
		};
		C9552DD12F94651F002A7232 /* Release */ = {
			isa = XCBuildConfiguration;
			buildSettings = {
				ASSETCATALOG_COMPILER_APPICON_NAME = AppIcon;
				ASSETCATALOG_COMPILER_GLOBAL_ACCENT_COLOR_NAME = AccentColor;
				CODE_SIGN_STYLE = Automatic;
				CURRENT_PROJECT_VERSION = 1;
				DEVELOPMENT_TEAM = PU5376FB66;
				ENABLE_PREVIEWS = YES;
				GENERATE_INFOPLIST_FILE = YES;
				INFOPLIST_KEY_UIApplicationSceneManifest_Generation = YES;
				INFOPLIST_KEY_UIApplicationSupportsIndirectInputEvents = YES;
				INFOPLIST_KEY_UILaunchScreen_Generation = YES;
				INFOPLIST_KEY_UISupportedInterfaceOrientations_iPad = "UIInterfaceOrientationPortrait UIInterfaceOrientationPortraitUpsideDown UIInterfaceOrientationLandscapeLeft UIInterfaceOrientationLandscapeRight";
				INFOPLIST_KEY_UISupportedInterfaceOrientations_iPhone = "UIInterfaceOrientationPortrait UIInterfaceOrientationLandscapeLeft UIInterfaceOrientationLandscapeRight";
				LD_RUNPATH_SEARCH_PATHS = (
					"$(inherited)",
					"@executable_path/Frameworks",
				);
				MARKETING_VERSION = 1.0;
				PRODUCT_BUNDLE_IDENTIFIER = "yukihide-takahashi.BocciaRampAssistant";
				PRODUCT_NAME = "$(TARGET_NAME)";
				SWIFT_EMIT_LOC_STRINGS = YES;
				SWIFT_VERSION = 5.0;
				TARGETED_DEVICE_FAMILY = "1,2";
			};
			name = Release;
		};
		C9552DD32F94651F002A7232 /* Debug */ = {
			isa = XCBuildConfiguration;
			buildSettings = {
				BUNDLE_LOADER = "$(TEST_HOST)";
				CODE_SIGN_STYLE = Automatic;
				CURRENT_PROJECT_VERSION = 1;
				DEVELOPMENT_TEAM = PU5376FB66;
				GENERATE_INFOPLIST_FILE = YES;
				IPHONEOS_DEPLOYMENT_TARGET = 18.5;
				MARKETING_VERSION = 1.0;
				PRODUCT_BUNDLE_IDENTIFIER = "yukihide-takahashi.BocciaRampAssistantTests";
				PRODUCT_NAME = "$(TARGET_NAME)";
				SWIFT_EMIT_LOC_STRINGS = NO;
				SWIFT_VERSION = 5.0;
				TARGETED_DEVICE_FAMILY = "1,2";
				TEST_HOST = "$(BUILT_PRODUCTS_DIR)/BocciaRampAssistant.app/$(BUNDLE_EXECUTABLE_FOLDER_PATH)/BocciaRampAssistant";
			};
			name = Debug;
		};
		C9552DD42F94651F002A7232 /* Release */ = {
			isa = XCBuildConfiguration;
			buildSettings = {
				BUNDLE_LOADER = "$(TEST_HOST)";
				CODE_SIGN_STYLE = Automatic;
				CURRENT_PROJECT_VERSION = 1;
				DEVELOPMENT_TEAM = PU5376FB66;
				GENERATE_INFOPLIST_FILE = YES;
				IPHONEOS_DEPLOYMENT_TARGET = 18.5;
				MARKETING_VERSION = 1.0;
				PRODUCT_BUNDLE_IDENTIFIER = "yukihide-takahashi.BocciaRampAssistantTests";
				PRODUCT_NAME = "$(TARGET_NAME)";
				SWIFT_EMIT_LOC_STRINGS = NO;
				SWIFT_VERSION = 5.0;
				TARGETED_DEVICE_FAMILY = "1,2";
				TEST_HOST = "$(BUILT_PRODUCTS_DIR)/BocciaRampAssistant.app/$(BUNDLE_EXECUTABLE_FOLDER_PATH)/BocciaRampAssistant";
			};
			name = Release;
		};
		C9552DD62F94651F002A7232 /* Debug */ = {
			isa = XCBuildConfiguration;
			buildSettings = {
				CODE_SIGN_STYLE = Automatic;
				CURRENT_PROJECT_VERSION = 1;
				DEVELOPMENT_TEAM = PU5376FB66;
				GENERATE_INFOPLIST_FILE = YES;
				MARKETING_VERSION = 1.0;
				PRODUCT_BUNDLE_IDENTIFIER = "yukihide-takahashi.BocciaRampAssistantUITests";
				PRODUCT_NAME = "$(TARGET_NAME)";
				SWIFT_EMIT_LOC_STRINGS = NO;
				SWIFT_VERSION = 5.0;
				TARGETED_DEVICE_FAMILY = "1,2";
				TEST_TARGET_NAME = BocciaRampAssistant;
			};
			name = Debug;
		};
		C9552DD72F94651F002A7232 /* Release */ = {
			isa = XCBuildConfiguration;
			buildSettings = {
				CODE_SIGN_STYLE = Automatic;
				CURRENT_PROJECT_VERSION = 1;
				DEVELOPMENT_TEAM = PU5376FB66;
				GENERATE_INFOPLIST_FILE = YES;
				MARKETING_VERSION = 1.0;
				PRODUCT_BUNDLE_IDENTIFIER = "yukihide-takahashi.BocciaRampAssistantUITests";
				PRODUCT_NAME = "$(TARGET_NAME)";
				SWIFT_EMIT_LOC_STRINGS = NO;
				SWIFT_VERSION = 5.0;
				TARGETED_DEVICE_FAMILY = "1,2";
				TEST_TARGET_NAME = BocciaRampAssistant;
			};
			name = Release;
		};
/* End XCBuildConfiguration section */

/* Begin XCConfigurationList section */
		C9552DA92F94651E002A7232 /* Build configuration list for PBXProject "BocciaRampAssistant" */ = {
			isa = XCConfigurationList;
			buildConfigurations = (
				C9552DCD2F94651F002A7232 /* Debug */,
				C9552DCE2F94651F002A7232 /* Release */,
			);
			defaultConfigurationIsVisible = 0;
			defaultConfigurationName = Release;
		};
		C9552DCF2F94651F002A7232 /* Build configuration list for PBXNativeTarget "BocciaRampAssistant" */ = {
			isa = XCConfigurationList;
			buildConfigurations = (
				C9552DD02F94651F002A7232 /* Debug */,
				C9552DD12F94651F002A7232 /* Release */,
			);
			defaultConfigurationIsVisible = 0;
			defaultConfigurationName = Release;
		};
		C9552DD22F94651F002A7232 /* Build configuration list for PBXNativeTarget "BocciaRampAssistantTests" */ = {
			isa = XCConfigurationList;
			buildConfigurations = (
				C9552DD32F94651F002A7232 /* Debug */,
				C9552DD42F94651F002A7232 /* Release */,
			);
			defaultConfigurationIsVisible = 0;
			defaultConfigurationName = Release;
		};
		C9552DD52F94651F002A7232 /* Build configuration list for PBXNativeTarget "BocciaRampAssistantUITests" */ = {
			isa = XCConfigurationList;
			buildConfigurations = (
				C9552DD62F94651F002A7232 /* Debug */,
				C9552DD72F94651F002A7232 /* Release */,
			);
			defaultConfigurationIsVisible = 0;
			defaultConfigurationName = Release;
		};
/* End XCConfigurationList section */
	};
	rootObject = C9552DA62F94651E002A7232 /* Project object */;
}
